
Microsoft Visual Studio Solution File, Format Version 12.00
# Visual Studio Version 16
VisualStudioVersion = 16.0.30406.217
MinimumVisualStudioVersion = 10.0.40219.1
Project("{FAE04EC0-301F-11D3-BF4B-00C04F79EFBC}") = "FileDragDrop", "FileDragDrop\FileDragDrop.csproj", "{728F0358-3D58-4C2F-BED6-21EE49DC5A3A}"
EndProject
Global
	GlobalSection(SolutionConfigurationPlatforms) = preSolution
		Debug|Any CPU = Debug|Any CPU
		Release|Any CPU = Release|Any CPU
	EndGlobalSection
	GlobalSection(ProjectConfigurationPlatforms) = postSolution
		{728F0358-3D58-4C2F-BED6-21EE49DC5A3A}.Debug|Any CPU.ActiveCfg = Debug|Any CPU
		{728F0358-3D58-4C2F-BED6-21EE49DC5A3A}.Debug|Any CPU.Build.0 = Debug|Any CPU
		{728F0358-3D58-4C2F-BED6-21EE49DC5A3A}.Release|Any CPU.ActiveCfg = Release|Any CPU
		{728F0358-3D58-4C2F-BED6-21EE49DC5A3A}.Release|Any CPU.Build.0 = Release|Any CPU
	EndGlobalSection
	GlobalSection(SolutionProperties) = preSolution
		HideSolutionNode = FALSE
	EndGlobalSection
	GlobalSection(ExtensibilityGlobals) = postSolution
		SolutionGuid = {18158B85-F242-497C-85F5-E73241AC77B7}
	EndGlobalSection
EndGlobal
