
Microsoft Visual Studio Solution File, Format Version 12.00
# Visual Studio Version 16
VisualStudioVersion = 16.0.30406.217
MinimumVisualStudioVersion = 10.0.40219.1
Project("{FAE04EC0-301F-11D3-BF4B-00C04F79EFBC}") = "GetSystemInfo", "GetSystemInfo\GetSystemInfo.csproj", "{8B96A2E1-5C33-4ED1-B59D-9D2F32E7243F}"
EndProject
Global
	GlobalSection(SolutionConfigurationPlatforms) = preSolution
		Debug|Any CPU = Debug|Any CPU
		Release|Any CPU = Release|Any CPU
	EndGlobalSection
	GlobalSection(ProjectConfigurationPlatforms) = postSolution
		{8B96A2E1-5C33-4ED1-B59D-9D2F32E7243F}.Debug|Any CPU.ActiveCfg = Debug|Any CPU
		{8B96A2E1-5C33-4ED1-B59D-9D2F32E7243F}.Debug|Any CPU.Build.0 = Debug|Any CPU
		{8B96A2E1-5C33-4ED1-B59D-9D2F32E7243F}.Release|Any CPU.ActiveCfg = Release|Any CPU
		{8B96A2E1-5C33-4ED1-B59D-9D2F32E7243F}.Release|Any CPU.Build.0 = Release|Any CPU
	EndGlobalSection
	GlobalSection(SolutionProperties) = preSolution
		HideSolutionNode = FALSE
	EndGlobalSection
	GlobalSection(ExtensibilityGlobals) = postSolution
		SolutionGuid = {1C314E44-B4F4-4FEF-9BE9-EF5254ECBA8E}
	EndGlobalSection
EndGlobal
