
Microsoft Visual Studio Solution File, Format Version 12.00
# Visual Studio Version 16
VisualStudioVersion = 16.0.30406.217
MinimumVisualStudioVersion = 10.0.40219.1
Project("{FAE04EC0-301F-11D3-BF4B-00C04F79EFBC}") = "WpfApp1", "WpfApp1\WpfApp1.csproj", "{E7B0D1CE-5BD7-4354-B9E5-ABF313D54686}"
EndProject
Global
	GlobalSection(SolutionConfigurationPlatforms) = preSolution
		Debug|Any CPU = Debug|Any CPU
		Release|Any CPU = Release|Any CPU
	EndGlobalSection
	GlobalSection(ProjectConfigurationPlatforms) = postSolution
		{E7B0D1CE-5BD7-4354-B9E5-ABF313D54686}.Debug|Any CPU.ActiveCfg = Debug|Any CPU
		{E7B0D1CE-5BD7-4354-B9E5-ABF313D54686}.Debug|Any CPU.Build.0 = Debug|Any CPU
		{E7B0D1CE-5BD7-4354-B9E5-ABF313D54686}.Release|Any CPU.ActiveCfg = Release|Any CPU
		{E7B0D1CE-5BD7-4354-B9E5-ABF313D54686}.Release|Any CPU.Build.0 = Release|Any CPU
	EndGlobalSection
	GlobalSection(SolutionProperties) = preSolution
		HideSolutionNode = FALSE
	EndGlobalSection
	GlobalSection(ExtensibilityGlobals) = postSolution
		SolutionGuid = {6DB75BCF-E88C-4C0E-A821-23F30CDEB8BD}
	EndGlobalSection
EndGlobal
