
Microsoft Visual Studio Solution File, Format Version 12.00
# Visual Studio Version 16
VisualStudioVersion = 16.0.30406.217
MinimumVisualStudioVersion = 10.0.40219.1
Project("{FAE04EC0-301F-11D3-BF4B-00C04F79EFBC}") = "Task", "Task\Task.csproj", "{09DA9C0E-8E6B-43FA-A199-84A88332AA64}"
EndProject
Global
	GlobalSection(SolutionConfigurationPlatforms) = preSolution
		Debug|Any CPU = Debug|Any CPU
		Release|Any CPU = Release|Any CPU
	EndGlobalSection
	GlobalSection(ProjectConfigurationPlatforms) = postSolution
		{09DA9C0E-8E6B-43FA-A199-84A88332AA64}.Debug|Any CPU.ActiveCfg = Debug|Any CPU
		{09DA9C0E-8E6B-43FA-A199-84A88332AA64}.Debug|Any CPU.Build.0 = Debug|Any CPU
		{09DA9C0E-8E6B-43FA-A199-84A88332AA64}.Release|Any CPU.ActiveCfg = Release|Any CPU
		{09DA9C0E-8E6B-43FA-A199-84A88332AA64}.Release|Any CPU.Build.0 = Release|Any CPU
	EndGlobalSection
	GlobalSection(SolutionProperties) = preSolution
		HideSolutionNode = FALSE
	EndGlobalSection
	GlobalSection(ExtensibilityGlobals) = postSolution
		SolutionGuid = {C00AD14B-76B2-4450-97C3-C6215C8C1BA0}
	EndGlobalSection
EndGlobal
