
Microsoft Visual Studio Solution File, Format Version 12.00
# Visual Studio Version 16
VisualStudioVersion = 16.0.30406.217
MinimumVisualStudioVersion = 10.0.40219.1
Project("{FAE04EC0-301F-11D3-BF4B-00C04F79EFBC}") = "FileDragDrop", "FileDragDrop\FileDragDrop.csproj", "{9CDC04D2-2D2A-432F-8522-5DBA223B8E0A}"
EndProject
Global
	GlobalSection(SolutionConfigurationPlatforms) = preSolution
		Debug|Any CPU = Debug|Any CPU
		Release|Any CPU = Release|Any CPU
	EndGlobalSection
	GlobalSection(ProjectConfigurationPlatforms) = postSolution
		{9CDC04D2-2D2A-432F-8522-5DBA223B8E0A}.Debug|Any CPU.ActiveCfg = Debug|Any CPU
		{9CDC04D2-2D2A-432F-8522-5DBA223B8E0A}.Debug|Any CPU.Build.0 = Debug|Any CPU
		{9CDC04D2-2D2A-432F-8522-5DBA223B8E0A}.Release|Any CPU.ActiveCfg = Release|Any CPU
		{9CDC04D2-2D2A-432F-8522-5DBA223B8E0A}.Release|Any CPU.Build.0 = Release|Any CPU
	EndGlobalSection
	GlobalSection(SolutionProperties) = preSolution
		HideSolutionNode = FALSE
	EndGlobalSection
	GlobalSection(ExtensibilityGlobals) = postSolution
		SolutionGuid = {F3F5B57C-A2DF-43FD-A32E-43F2768BEC15}
	EndGlobalSection
EndGlobal
