
Microsoft Visual Studio Solution File, Format Version 12.00
# Visual Studio Version 16
VisualStudioVersion = 16.0.30406.217
MinimumVisualStudioVersion = 10.0.40219.1
Project("{FAE04EC0-301F-11D3-BF4B-00C04F79EFBC}") = "AppIcoUserControl", "AppIcoUserControl\AppIcoUserControl.csproj", "{35013D8F-0DFD-47F4-A7D9-5DA25B8B90A6}"
EndProject
Project("{FAE04EC0-301F-11D3-BF4B-00C04F79EFBC}") = "BitkyPoleControl", "BitkyPoleControl\BitkyPoleControl.csproj", "{5AF3C178-4B59-41C7-97D4-21EDF4470F3A}"
EndProject
Project("{FAE04EC0-301F-11D3-BF4B-00C04F79EFBC}") = "自定插件", "自定插件\自定插件.csproj", "{EFC7E3E5-6C41-4E01-AAE3-89F60B1C7E6B}"
EndProject
Global
	GlobalSection(SolutionConfigurationPlatforms) = preSolution
		Debug|Any CPU = Debug|Any CPU
		Release|Any CPU = Release|Any CPU
	EndGlobalSection
	GlobalSection(ProjectConfigurationPlatforms) = postSolution
		{35013D8F-0DFD-47F4-A7D9-5DA25B8B90A6}.Debug|Any CPU.ActiveCfg = Debug|Any CPU
		{35013D8F-0DFD-47F4-A7D9-5DA25B8B90A6}.Debug|Any CPU.Build.0 = Debug|Any CPU
		{35013D8F-0DFD-47F4-A7D9-5DA25B8B90A6}.Release|Any CPU.ActiveCfg = Release|Any CPU
		{35013D8F-0DFD-47F4-A7D9-5DA25B8B90A6}.Release|Any CPU.Build.0 = Release|Any CPU
		{5AF3C178-4B59-41C7-97D4-21EDF4470F3A}.Debug|Any CPU.ActiveCfg = Debug|Any CPU
		{5AF3C178-4B59-41C7-97D4-21EDF4470F3A}.Debug|Any CPU.Build.0 = Debug|Any CPU
		{5AF3C178-4B59-41C7-97D4-21EDF4470F3A}.Release|Any CPU.ActiveCfg = Release|Any CPU
		{5AF3C178-4B59-41C7-97D4-21EDF4470F3A}.Release|Any CPU.Build.0 = Release|Any CPU
		{EFC7E3E5-6C41-4E01-AAE3-89F60B1C7E6B}.Debug|Any CPU.ActiveCfg = Debug|Any CPU
		{EFC7E3E5-6C41-4E01-AAE3-89F60B1C7E6B}.Debug|Any CPU.Build.0 = Debug|Any CPU
		{EFC7E3E5-6C41-4E01-AAE3-89F60B1C7E6B}.Release|Any CPU.ActiveCfg = Release|Any CPU
		{EFC7E3E5-6C41-4E01-AAE3-89F60B1C7E6B}.Release|Any CPU.Build.0 = Release|Any CPU
	EndGlobalSection
	GlobalSection(SolutionProperties) = preSolution
		HideSolutionNode = FALSE
	EndGlobalSection
	GlobalSection(ExtensibilityGlobals) = postSolution
		SolutionGuid = {E9B9DBFC-A933-4820-8577-88E87BC3ACBE}
	EndGlobalSection
EndGlobal
